
Microsoft Visual Studio Solution File, Format Version 12.00
# Visual Studio 15
VisualStudioVersion = 15.0.26228.4
MinimumVisualStudioVersion = 10.0.40219.1
Project("{8BC9CEB8-8B4A-11D0-8D11-00A0C91BC942}") = "d3d9", "d3d9\d3d9.vcxproj", "{784C8CC8-6C40-4804-B154-CA03BE78D4D4}"
EndProject
Project("{8BC9CEB8-8B4A-11D0-8D11-00A0C91BC942}") = "d3d8", "d3d8\d3d8.vcxproj", "{D5177065-0E59-492E-97F8-649114A3F655}"
EndProject
Project("{8BC9CEB8-8B4A-11D0-8D11-00A0C91BC942}") = "localization_en-US", "localization_en-US\localization_en-US.vcxproj", "{50FA2C8D-22D5-4816-A307-AA3F536A6C79}"
EndProject
Global
	GlobalSection(SolutionConfigurationPlatforms) = preSolution
		Debug|x86 = Debug|x86
		Release|x86 = Release|x86
	EndGlobalSection
	GlobalSection(ProjectConfigurationPlatforms) = postSolution
		{784C8CC8-6C40-4804-B154-CA03BE78D4D4}.Debug|x86.ActiveCfg = Debug|Win32
		{784C8CC8-6C40-4804-B154-CA03BE78D4D4}.Debug|x86.Build.0 = Debug|Win32
		{784C8CC8-6C40-4804-B154-CA03BE78D4D4}.Release|x86.ActiveCfg = Release|Win32
		{784C8CC8-6C40-4804-B154-CA03BE78D4D4}.Release|x86.Build.0 = Release|Win32
		{D5177065-0E59-492E-97F8-649114A3F655}.Debug|x86.ActiveCfg = Debug|Win32
		{D5177065-0E59-492E-97F8-649114A3F655}.Debug|x86.Build.0 = Debug|Win32
		{D5177065-0E59-492E-97F8-649114A3F655}.Release|x86.ActiveCfg = Release|Win32
		{D5177065-0E59-492E-97F8-649114A3F655}.Release|x86.Build.0 = Release|Win32
		{50FA2C8D-22D5-4816-A307-AA3F536A6C79}.Debug|x86.ActiveCfg = Debug|Win32
		{50FA2C8D-22D5-4816-A307-AA3F536A6C79}.Debug|x86.Build.0 = Debug|Win32
		{50FA2C8D-22D5-4816-A307-AA3F536A6C79}.Release|x86.ActiveCfg = Release|Win32
		{50FA2C8D-22D5-4816-A307-AA3F536A6C79}.Release|x86.Build.0 = Release|Win32
	EndGlobalSection
	GlobalSection(SolutionProperties) = preSolution
		HideSolutionNode = FALSE
	EndGlobalSection
EndGlobal
